
Microsoft Visual Studio Solution File, Format Version 12.00
# Visual Studio Version 16
VisualStudioVersion = 16.0.29102.190
MinimumVisualStudioVersion = 10.0.40219.1
Project("{9A19103F-16F7-4668-BE54-9A1E7A4F7556}") = "Common", "Common\Common.csproj", "{537B1827-6512-4A41-AB70-49B57034BF9D}"
EndProject
Project("{9A19103F-16F7-4668-BE54-9A1E7A4F7556}") = "Website", "Website\Website.csproj", "{28CBF4AD-57B1-4001-B4EA-657A3BFA81FD}"
EndProject
Project("{E53339B2-1760-4266-BCC7-CA923CBCF16C}") = "docker-compose", "docker-compose.dcproj", "{3B7FADD0-443A-4D92-A16B-066244CE1655}"
EndProject
Project("{9A19103F-16F7-4668-BE54-9A1E7A4F7556}") = "redis_console", "redis_console\redis_console.csproj", "{65ED74B8-7B37-499B-9638-4E5828401835}"
EndProject
Global
	GlobalSection(SolutionConfigurationPlatforms) = preSolution
		Debug|Any CPU = Debug|Any CPU
		Release|Any CPU = Release|Any CPU
	EndGlobalSection
	GlobalSection(ProjectConfigurationPlatforms) = postSolution
		{537B1827-6512-4A41-AB70-49B57034BF9D}.Debug|Any CPU.ActiveCfg = Debug|Any CPU
		{537B1827-6512-4A41-AB70-49B57034BF9D}.Debug|Any CPU.Build.0 = Debug|Any CPU
		{537B1827-6512-4A41-AB70-49B57034BF9D}.Release|Any CPU.ActiveCfg = Release|Any CPU
		{537B1827-6512-4A41-AB70-49B57034BF9D}.Release|Any CPU.Build.0 = Release|Any CPU
		{28CBF4AD-57B1-4001-B4EA-657A3BFA81FD}.Debug|Any CPU.ActiveCfg = Debug|Any CPU
		{28CBF4AD-57B1-4001-B4EA-657A3BFA81FD}.Debug|Any CPU.Build.0 = Debug|Any CPU
		{28CBF4AD-57B1-4001-B4EA-657A3BFA81FD}.Release|Any CPU.ActiveCfg = Release|Any CPU
		{28CBF4AD-57B1-4001-B4EA-657A3BFA81FD}.Release|Any CPU.Build.0 = Release|Any CPU
		{3B7FADD0-443A-4D92-A16B-066244CE1655}.Debug|Any CPU.ActiveCfg = Debug|Any CPU
		{3B7FADD0-443A-4D92-A16B-066244CE1655}.Debug|Any CPU.Build.0 = Debug|Any CPU
		{3B7FADD0-443A-4D92-A16B-066244CE1655}.Release|Any CPU.ActiveCfg = Release|Any CPU
		{3B7FADD0-443A-4D92-A16B-066244CE1655}.Release|Any CPU.Build.0 = Release|Any CPU
		{65ED74B8-7B37-499B-9638-4E5828401835}.Debug|Any CPU.ActiveCfg = Debug|Any CPU
		{65ED74B8-7B37-499B-9638-4E5828401835}.Debug|Any CPU.Build.0 = Debug|Any CPU
		{65ED74B8-7B37-499B-9638-4E5828401835}.Release|Any CPU.ActiveCfg = Release|Any CPU
		{65ED74B8-7B37-499B-9638-4E5828401835}.Release|Any CPU.Build.0 = Release|Any CPU
	EndGlobalSection
	GlobalSection(SolutionProperties) = preSolution
		HideSolutionNode = FALSE
	EndGlobalSection
	GlobalSection(ExtensibilityGlobals) = postSolution
		SolutionGuid = {5EF23C37-D621-4D43-B114-D831C49A6ECE}
	EndGlobalSection
EndGlobal
