
Microsoft Visual Studio Solution File, Format Version 12.00
# Visual Studio Version 16
VisualStudioVersion = 16.0.28803.452
MinimumVisualStudioVersion = 10.0.40219.1
Project("{FAE04EC0-301F-11D3-BF4B-00C04F79EFBC}") = "WebExample", "WebExample\WebExample.csproj", "{33E94E49-F27E-4B50-ADB5-83283B573722}"
EndProject
Project("{9A19103F-16F7-4668-BE54-9A1E7A4F7556}") = "Models", "Models\Models.csproj", "{DAEB6A53-A9F8-4C2B-8681-6B321DA4EACE}"
EndProject
Project("{9A19103F-16F7-4668-BE54-9A1E7A4F7556}") = "Tests", "Tests\Tests.csproj", "{9A49E80F-EB80-4C32-A009-4C8E1621667C}"
EndProject
Project("{9A19103F-16F7-4668-BE54-9A1E7A4F7556}") = "Common", "Common\Common.csproj", "{E69ED99E-6695-4378-B49B-47F5B6A9FA13}"
EndProject
Global
	GlobalSection(SolutionConfigurationPlatforms) = preSolution
		Debug|Any CPU = Debug|Any CPU
		Dev|Any CPU = Dev|Any CPU
		Release|Any CPU = Release|Any CPU
		Stage|Any CPU = Stage|Any CPU
		Test|Any CPU = Test|Any CPU
	EndGlobalSection
	GlobalSection(ProjectConfigurationPlatforms) = postSolution
		{33E94E49-F27E-4B50-ADB5-83283B573722}.Debug|Any CPU.ActiveCfg = Debug|Any CPU
		{33E94E49-F27E-4B50-ADB5-83283B573722}.Debug|Any CPU.Build.0 = Debug|Any CPU
		{33E94E49-F27E-4B50-ADB5-83283B573722}.Dev|Any CPU.ActiveCfg = Debug|Any CPU
		{33E94E49-F27E-4B50-ADB5-83283B573722}.Dev|Any CPU.Build.0 = Debug|Any CPU
		{33E94E49-F27E-4B50-ADB5-83283B573722}.Release|Any CPU.ActiveCfg = Release|Any CPU
		{33E94E49-F27E-4B50-ADB5-83283B573722}.Release|Any CPU.Build.0 = Release|Any CPU
		{33E94E49-F27E-4B50-ADB5-83283B573722}.Stage|Any CPU.ActiveCfg = Debug|Any CPU
		{33E94E49-F27E-4B50-ADB5-83283B573722}.Stage|Any CPU.Build.0 = Debug|Any CPU
		{33E94E49-F27E-4B50-ADB5-83283B573722}.Test|Any CPU.ActiveCfg = Debug|Any CPU
		{33E94E49-F27E-4B50-ADB5-83283B573722}.Test|Any CPU.Build.0 = Debug|Any CPU
		{DAEB6A53-A9F8-4C2B-8681-6B321DA4EACE}.Debug|Any CPU.ActiveCfg = Debug|Any CPU
		{DAEB6A53-A9F8-4C2B-8681-6B321DA4EACE}.Debug|Any CPU.Build.0 = Debug|Any CPU
		{DAEB6A53-A9F8-4C2B-8681-6B321DA4EACE}.Dev|Any CPU.ActiveCfg = Debug|Any CPU
		{DAEB6A53-A9F8-4C2B-8681-6B321DA4EACE}.Dev|Any CPU.Build.0 = Debug|Any CPU
		{DAEB6A53-A9F8-4C2B-8681-6B321DA4EACE}.Release|Any CPU.ActiveCfg = Release|Any CPU
		{DAEB6A53-A9F8-4C2B-8681-6B321DA4EACE}.Release|Any CPU.Build.0 = Release|Any CPU
		{DAEB6A53-A9F8-4C2B-8681-6B321DA4EACE}.Stage|Any CPU.ActiveCfg = Debug|Any CPU
		{DAEB6A53-A9F8-4C2B-8681-6B321DA4EACE}.Stage|Any CPU.Build.0 = Debug|Any CPU
		{DAEB6A53-A9F8-4C2B-8681-6B321DA4EACE}.Test|Any CPU.ActiveCfg = Debug|Any CPU
		{DAEB6A53-A9F8-4C2B-8681-6B321DA4EACE}.Test|Any CPU.Build.0 = Debug|Any CPU
		{9A49E80F-EB80-4C32-A009-4C8E1621667C}.Debug|Any CPU.ActiveCfg = Debug|Any CPU
		{9A49E80F-EB80-4C32-A009-4C8E1621667C}.Debug|Any CPU.Build.0 = Debug|Any CPU
		{9A49E80F-EB80-4C32-A009-4C8E1621667C}.Dev|Any CPU.ActiveCfg = Debug|Any CPU
		{9A49E80F-EB80-4C32-A009-4C8E1621667C}.Dev|Any CPU.Build.0 = Debug|Any CPU
		{9A49E80F-EB80-4C32-A009-4C8E1621667C}.Release|Any CPU.ActiveCfg = Release|Any CPU
		{9A49E80F-EB80-4C32-A009-4C8E1621667C}.Release|Any CPU.Build.0 = Release|Any CPU
		{9A49E80F-EB80-4C32-A009-4C8E1621667C}.Stage|Any CPU.ActiveCfg = Debug|Any CPU
		{9A49E80F-EB80-4C32-A009-4C8E1621667C}.Stage|Any CPU.Build.0 = Debug|Any CPU
		{9A49E80F-EB80-4C32-A009-4C8E1621667C}.Test|Any CPU.ActiveCfg = Debug|Any CPU
		{9A49E80F-EB80-4C32-A009-4C8E1621667C}.Test|Any CPU.Build.0 = Debug|Any CPU
		{E69ED99E-6695-4378-B49B-47F5B6A9FA13}.Debug|Any CPU.ActiveCfg = Debug|Any CPU
		{E69ED99E-6695-4378-B49B-47F5B6A9FA13}.Debug|Any CPU.Build.0 = Debug|Any CPU
		{E69ED99E-6695-4378-B49B-47F5B6A9FA13}.Dev|Any CPU.ActiveCfg = Dev|Any CPU
		{E69ED99E-6695-4378-B49B-47F5B6A9FA13}.Dev|Any CPU.Build.0 = Dev|Any CPU
		{E69ED99E-6695-4378-B49B-47F5B6A9FA13}.Release|Any CPU.ActiveCfg = Release|Any CPU
		{E69ED99E-6695-4378-B49B-47F5B6A9FA13}.Release|Any CPU.Build.0 = Release|Any CPU
		{E69ED99E-6695-4378-B49B-47F5B6A9FA13}.Stage|Any CPU.ActiveCfg = Stage|Any CPU
		{E69ED99E-6695-4378-B49B-47F5B6A9FA13}.Stage|Any CPU.Build.0 = Stage|Any CPU
		{E69ED99E-6695-4378-B49B-47F5B6A9FA13}.Test|Any CPU.ActiveCfg = Test|Any CPU
		{E69ED99E-6695-4378-B49B-47F5B6A9FA13}.Test|Any CPU.Build.0 = Test|Any CPU
	EndGlobalSection
	GlobalSection(SolutionProperties) = preSolution
		HideSolutionNode = FALSE
	EndGlobalSection
	GlobalSection(ExtensibilityGlobals) = postSolution
		SolutionGuid = {5276ECCC-738A-41D1-916C-288AFB624075}
	EndGlobalSection
EndGlobal
